
Microsoft Visual Studio Solution File, Format Version 12.00
# Visual Studio Version 17
VisualStudioVersion = 17.4.33103.184
MinimumVisualStudioVersion = 10.0.40219.1
Project("{FAE04EC0-301F-11D3-BF4B-00C04F79EFBC}") = "Flash_Cards", "Flash_Cards\Flash_Cards.csproj", "{86DFAD39-9575-4432-920E-82CA29767971}"
EndProject
Global
	GlobalSection(SolutionConfigurationPlatforms) = preSolution
		Debug|Any CPU = Debug|Any CPU
		Release|Any CPU = Release|Any CPU
	EndGlobalSection
	GlobalSection(ProjectConfigurationPlatforms) = postSolution
		{86DFAD39-9575-4432-920E-82CA29767971}.Debug|Any CPU.ActiveCfg = Debug|Any CPU
		{86DFAD39-9575-4432-920E-82CA29767971}.Debug|Any CPU.Build.0 = Debug|Any CPU
		{86DFAD39-9575-4432-920E-82CA29767971}.Release|Any CPU.ActiveCfg = Release|Any CPU
		{86DFAD39-9575-4432-920E-82CA29767971}.Release|Any CPU.Build.0 = Release|Any CPU
	EndGlobalSection
	GlobalSection(SolutionProperties) = preSolution
		HideSolutionNode = FALSE
	EndGlobalSection
	GlobalSection(ExtensibilityGlobals) = postSolution
		SolutionGuid = {DD62AFE8-51CA-4DC5-8631-C94DD498BBD4}
	EndGlobalSection
EndGlobal
